
Microsoft Visual Studio Solution File, Format Version 12.00
# Visual Studio Version 17
VisualStudioVersion = 17.0.32126.317
MinimumVisualStudioVersion = 10.0.40219.1
Project("{FAE04EC0-301F-11D3-BF4B-00C04F79EFBC}") = "CircletExtended", "CircletExtended.csproj", "{01429425-F577-46F2-BBA7-6FAF98D54110}"
EndProject
Global
	GlobalSection(SolutionConfigurationPlatforms) = preSolution
		Debug|Any CPU = Debug|Any CPU
		Release|Any CPU = Release|Any CPU
	EndGlobalSection
	GlobalSection(ProjectConfigurationPlatforms) = postSolution
		{01429425-F577-46F2-BBA7-6FAF98D54110}.Debug|Any CPU.ActiveCfg = Debug|Any CPU
		{01429425-F577-46F2-BBA7-6FAF98D54110}.Debug|Any CPU.Build.0 = Debug|Any CPU
		{01429425-F577-46F2-BBA7-6FAF98D54110}.Release|Any CPU.ActiveCfg = Release|Any CPU
		{01429425-F577-46F2-BBA7-6FAF98D54110}.Release|Any CPU.Build.0 = Release|Any CPU
	EndGlobalSection
	GlobalSection(SolutionProperties) = preSolution
		HideSolutionNode = FALSE
	EndGlobalSection
	GlobalSection(ExtensibilityGlobals) = postSolution
		SolutionGuid = {90306C89-CDE9-4CC0-A3CE-7340C8A6E954}
	EndGlobalSection
EndGlobal
